// !$*UTF8*$!
{
	archiveVersion = 1;
	classes = {
	};
	objectVersion = 55;
	objects = {

/* Begin PBXBuildFile section */
		93BA5DA326A332C70022936E /* AppDelegate.swift in Sources */ = {isa = PBXBuildFile; fileRef = 93BA5DA226A332C70022936E /* AppDelegate.swift */; };
		93BA5DA526A332C70022936E /* SceneDelegate.swift in Sources */ = {isa = PBXBuildFile; fileRef = 93BA5DA426A332C70022936E /* SceneDelegate.swift */; };
		93BA5DA726A332C70022936E /* ViewController.swift in Sources */ = {isa = PBXBuildFile; fileRef = 93BA5DA626A332C70022936E /* ViewController.swift */; };
		93BA5DAA26A332C70022936E /* Main.storyboard in Resources */ = {isa = PBXBuildFile; fileRef = 93BA5DA826A332C70022936E /* Main.storyboard */; };
		93BA5DAC26A332C90022936E /* Assets.xcassets in Resources */ = {isa = PBXBuildFile; fileRef = 93BA5DAB26A332C90022936E /* Assets.xcassets */; };
		93BA5DAF26A332C90022936E /* LaunchScreen.storyboard in Resources */ = {isa = PBXBuildFile; fileRef = 93BA5DAD26A332C90022936E /* LaunchScreen.storyboard */; };
		93BA5DC426A332C90022936E /* App03UITests.swift in Sources */ = {isa = PBXBuildFile; fileRef = 93BA5DC326A332C90022936E /* App03UITests.swift */; };
		93BA5DD226A333A60022936E /* ViewControllerTests.swift in Sources */ = {isa = PBXBuildFile; fileRef = 93BA5DD126A333A60022936E /* ViewControllerTests.swift */; };
/* End PBXBuildFile section */

/* Begin PBXContainerItemProxy section */
		93BA5DB626A332C90022936E /* PBXContainerItemProxy */ = {
			isa = PBXContainerItemProxy;
			containerPortal = 93BA5D9726A332C70022936E /* Project object */;
			proxyType = 1;
			remoteGlobalIDString = 93BA5D9E26A332C70022936E;
			remoteInfo = App03;
		};
		93BA5DC026A332C90022936E /* PBXContainerItemProxy */ = {
			isa = PBXContainerItemProxy;
			containerPortal = 93BA5D9726A332C70022936E /* Project object */;
			proxyType = 1;
			remoteGlobalIDString = 93BA5D9E26A332C70022936E;
			remoteInfo = App03;
		};
/* End PBXContainerItemProxy section */

/* Begin PBXFileReference section */
		93BA5D9F26A332C70022936E /* App03.app */ = {isa = PBXFileReference; explicitFileType = wrapper.application; includeInIndex = 0; path = App03.app; sourceTree = BUILT_PRODUCTS_DIR; };
		93BA5DA226A332C70022936E /* AppDelegate.swift */ = {isa = PBXFileReference; lastKnownFileType = sourcecode.swift; path = AppDelegate.swift; sourceTree = "<group>"; };
		93BA5DA426A332C70022936E /* SceneDelegate.swift */ = {isa = PBXFileReference; lastKnownFileType = sourcecode.swift; path = SceneDelegate.swift; sourceTree = "<group>"; };
		93BA5DA626A332C70022936E /* ViewController.swift */ = {isa = PBXFileReference; lastKnownFileType = sourcecode.swift; path = ViewController.swift; sourceTree = "<group>"; };
		93BA5DA926A332C70022936E /* Base */ = {isa = PBXFileReference; lastKnownFileType = file.storyboard; name = Base; path = Base.lproj/Main.storyboard; sourceTree = "<group>"; };
		93BA5DAB26A332C90022936E /* Assets.xcassets */ = {isa = PBXFileReference; lastKnownFileType = folder.assetcatalog; path = Assets.xcassets; sourceTree = "<group>"; };
		93BA5DAE26A332C90022936E /* Base */ = {isa = PBXFileReference; lastKnownFileType = file.storyboard; name = Base; path = Base.lproj/LaunchScreen.storyboard; sourceTree = "<group>"; };
		93BA5DB026A332C90022936E /* Info.plist */ = {isa = PBXFileReference; lastKnownFileType = text.plist.xml; path = Info.plist; sourceTree = "<group>"; };
		93BA5DB526A332C90022936E /* App03Tests.xctest */ = {isa = PBXFileReference; explicitFileType = wrapper.cfbundle; includeInIndex = 0; path = App03Tests.xctest; sourceTree = BUILT_PRODUCTS_DIR; };
		93BA5DBF26A332C90022936E /* App03UITests.xctest */ = {isa = PBXFileReference; explicitFileType = wrapper.cfbundle; includeInIndex = 0; path = App03UITests.xctest; sourceTree = BUILT_PRODUCTS_DIR; };
		93BA5DC326A332C90022936E /* App03UITests.swift */ = {isa = PBXFileReference; lastKnownFileType = sourcecode.swift; path = App03UITests.swift; sourceTree = "<group>"; };
		93BA5DD126A333A60022936E /* ViewControllerTests.swift */ = {isa = PBXFileReference; lastKnownFileType = sourcecode.swift; path = ViewControllerTests.swift; sourceTree = "<group>"; };
/* End PBXFileReference section */

/* Begin PBXFrameworksBuildPhase section */
		93BA5D9C26A332C70022936E /* Frameworks */ = {
			isa = PBXFrameworksBuildPhase;
			buildActionMask = 2147483647;
			files = (
			);
			runOnlyForDeploymentPostprocessing = 0;
		};
		93BA5DB226A332C90022936E /* Frameworks */ = {
			isa = PBXFrameworksBuildPhase;
			buildActionMask = 2147483647;
			files = (
			);
			runOnlyForDeploymentPostprocessing = 0;
		};
		93BA5DBC26A332C90022936E /* Frameworks */ = {
			isa = PBXFrameworksBuildPhase;
			buildActionMask = 2147483647;
			files = (
			);
			runOnlyForDeploymentPostprocessing = 0;
		};
/* End PBXFrameworksBuildPhase section */

/* Begin PBXGroup section */
		93BA5D9626A332C70022936E = {
			isa = PBXGroup;
			children = (
				93BA5DA126A332C70022936E /* App03 */,
				93BA5DB826A332C90022936E /* App03Tests */,
				93BA5DC226A332C90022936E /* App03UITests */,
				93BA5DA026A332C70022936E /* Products */,
			);
			sourceTree = "<group>";
		};
		93BA5DA026A332C70022936E /* Products */ = {
			isa = PBXGroup;
			children = (
				93BA5D9F26A332C70022936E /* App03.app */,
				93BA5DB526A332C90022936E /* App03Tests.xctest */,
				93BA5DBF26A332C90022936E /* App03UITests.xctest */,
			);
			name = Products;
			sourceTree = "<group>";
		};
		93BA5DA126A332C70022936E /* App03 */ = {
			isa = PBXGroup;
			children = (
				93BA5DD026A333630022936E /* Others */,
				93BA5DA626A332C70022936E /* ViewController.swift */,
			);
			path = App03;
			sourceTree = "<group>";
		};
		93BA5DB826A332C90022936E /* App03Tests */ = {
			isa = PBXGroup;
			children = (
				93BA5DD126A333A60022936E /* ViewControllerTests.swift */,
			);
			path = App03Tests;
			sourceTree = "<group>";
		};
		93BA5DC226A332C90022936E /* App03UITests */ = {
			isa = PBXGroup;
			children = (
				93BA5DC326A332C90022936E /* App03UITests.swift */,
			);
			path = App03UITests;
			sourceTree = "<group>";
		};
		93BA5DD026A333630022936E /* Others */ = {
			isa = PBXGroup;
			children = (
				93BA5DA226A332C70022936E /* AppDelegate.swift */,
				93BA5DA426A332C70022936E /* SceneDelegate.swift */,
				93BA5DA826A332C70022936E /* Main.storyboard */,
				93BA5DAB26A332C90022936E /* Assets.xcassets */,
				93BA5DAD26A332C90022936E /* LaunchScreen.storyboard */,
				93BA5DB026A332C90022936E /* Info.plist */,
			);
			name = Others;
			sourceTree = "<group>";
		};
/* End PBXGroup section */

/* Begin PBXNativeTarget section */
		93BA5D9E26A332C70022936E /* App03 */ = {
			isa = PBXNativeTarget;
			buildConfigurationList = 93BA5DC726A332C90022936E /* Build configuration list for PBXNativeTarget "App03" */;
			buildPhases = (
				93BA5D9B26A332C70022936E /* Sources */,
				93BA5D9C26A332C70022936E /* Frameworks */,
				93BA5D9D26A332C70022936E /* Resources */,
				93BA5DD326A560F70022936E /* ShellScript */,
			);
			buildRules = (
			);
			dependencies = (
			);
			name = App03;
			productName = App03;
			productReference = 93BA5D9F26A332C70022936E /* App03.app */;
			productType = "com.apple.product-type.application";
		};
		93BA5DB426A332C90022936E /* App03Tests */ = {
			isa = PBXNativeTarget;
			buildConfigurationList = 93BA5DCA26A332C90022936E /* Build configuration list for PBXNativeTarget "App03Tests" */;
			buildPhases = (
				93BA5DB126A332C90022936E /* Sources */,
				93BA5DB226A332C90022936E /* Frameworks */,
				93BA5DB326A332C90022936E /* Resources */,
			);
			buildRules = (
			);
			dependencies = (
				93BA5DB726A332C90022936E /* PBXTargetDependency */,
			);
			name = App03Tests;
			productName = App03Tests;
			productReference = 93BA5DB526A332C90022936E /* App03Tests.xctest */;
			productType = "com.apple.product-type.bundle.unit-test";
		};
		93BA5DBE26A332C90022936E /* App03UITests */ = {
			isa = PBXNativeTarget;
			buildConfigurationList = 93BA5DCD26A332C90022936E /* Build configuration list for PBXNativeTarget "App03UITests" */;
			buildPhases = (
				93BA5DBB26A332C90022936E /* Sources */,
				93BA5DBC26A332C90022936E /* Frameworks */,
				93BA5DBD26A332C90022936E /* Resources */,
			);
			buildRules = (
			);
			dependencies = (
				93BA5DC126A332C90022936E /* PBXTargetDependency */,
			);
			name = App03UITests;
			productName = App03UITests;
			productReference = 93BA5DBF26A332C90022936E /* App03UITests.xctest */;
			productType = "com.apple.product-type.bundle.ui-testing";
		};
/* End PBXNativeTarget section */

/* Begin PBXProject section */
		93BA5D9726A332C70022936E /* Project object */ = {
			isa = PBXProject;
			attributes = {
				BuildIndependentTargetsInParallel = 1;
				LastSwiftUpdateCheck = 1300;
				LastUpgradeCheck = 1300;
				TargetAttributes = {
					93BA5D9E26A332C70022936E = {
						CreatedOnToolsVersion = 13.0;
					};
					93BA5DB426A332C90022936E = {
						CreatedOnToolsVersion = 13.0;
						TestTargetID = 93BA5D9E26A332C70022936E;
					};
					93BA5DBE26A332C90022936E = {
						CreatedOnToolsVersion = 13.0;
						TestTargetID = 93BA5D9E26A332C70022936E;
					};
				};
			};
			buildConfigurationList = 93BA5D9A26A332C70022936E /* Build configuration list for PBXProject "App03" */;
			compatibilityVersion = "Xcode 13.0";
			developmentRegion = en;
			hasScannedForEncodings = 0;
			knownRegions = (
				en,
				Base,
			);
			mainGroup = 93BA5D9626A332C70022936E;
			productRefGroup = 93BA5DA026A332C70022936E /* Products */;
			projectDirPath = "";
			projectRoot = "";
			targets = (
				93BA5D9E26A332C70022936E /* App03 */,
				93BA5DB426A332C90022936E /* App03Tests */,
				93BA5DBE26A332C90022936E /* App03UITests */,
			);
		};
/* End PBXProject section */

/* Begin PBXResourcesBuildPhase section */
		93BA5D9D26A332C70022936E /* Resources */ = {
			isa = PBXResourcesBuildPhase;
			buildActionMask = 2147483647;
			files = (
				93BA5DAF26A332C90022936E /* LaunchScreen.storyboard in Resources */,
				93BA5DAC26A332C90022936E /* Assets.xcassets in Resources */,
				93BA5DAA26A332C70022936E /* Main.storyboard in Resources */,
			);
			runOnlyForDeploymentPostprocessing = 0;
		};
		93BA5DB326A332C90022936E /* Resources */ = {
			isa = PBXResourcesBuildPhase;
			buildActionMask = 2147483647;
			files = (
			);
			runOnlyForDeploymentPostprocessing = 0;
		};
		93BA5DBD26A332C90022936E /* Resources */ = {
			isa = PBXResourcesBuildPhase;
			buildActionMask = 2147483647;
			files = (
			);
			runOnlyForDeploymentPostprocessing = 0;
		};
/* End PBXResourcesBuildPhase section */

/* Begin PBXShellScriptBuildPhase section */
		93BA5DD326A560F70022936E /* ShellScript */ = {
			isa = PBXShellScriptBuildPhase;
			buildActionMask = 2147483647;
			files = (
			);
			inputFileListPaths = (
			);
			inputPaths = (
			);
			outputFileListPaths = (
			);
			outputPaths = (
			);
			runOnlyForDeploymentPostprocessing = 0;
			shellPath = /bin/sh;
			shellScript = "if which swiftlint >/dev/null; then\nswiftlint autocorrect\nswiftlint --no-cache\n# First pass just auto-corrects based on .autocorrect.yml\n# Second pass lints based on .swiftlint.yml\nelse\necho \"warning: SwiftLint not installed, fix this with 'brew install swiftlint'\"\necho \"Also, see: https://github.com/realm/SwiftLint\"\nfi\n";
		};
/* End PBXShellScriptBuildPhase section */

/* Begin PBXSourcesBuildPhase section */
		93BA5D9B26A332C70022936E /* Sources */ = {
			isa = PBXSourcesBuildPhase;
			buildActionMask = 2147483647;
			files = (
				93BA5DA726A332C70022936E /* ViewController.swift in Sources */,
				93BA5DA326A332C70022936E /* AppDelegate.swift in Sources */,
				93BA5DA526A332C70022936E /* SceneDelegate.swift in Sources */,
			);
			runOnlyForDeploymentPostprocessing = 0;
		};
		93BA5DB126A332C90022936E /* Sources */ = {
			isa = PBXSourcesBuildPhase;
			buildActionMask = 2147483647;
			files = (
				93BA5DD226A333A60022936E /* ViewControllerTests.swift in Sources */,
			);
			runOnlyForDeploymentPostprocessing = 0;
		};
		93BA5DBB26A332C90022936E /* Sources */ = {
			isa = PBXSourcesBuildPhase;
			buildActionMask = 2147483647;
			files = (
				93BA5DC426A332C90022936E /* App03UITests.swift in Sources */,
			);
			runOnlyForDeploymentPostprocessing = 0;
		};
/* End PBXSourcesBuildPhase section */

/* Begin PBXTargetDependency section */
		93BA5DB726A332C90022936E /* PBXTargetDependency */ = {
			isa = PBXTargetDependency;
			target = 93BA5D9E26A332C70022936E /* App03 */;
			targetProxy = 93BA5DB626A332C90022936E /* PBXContainerItemProxy */;
		};
		93BA5DC126A332C90022936E /* PBXTargetDependency */ = {
			isa = PBXTargetDependency;
			target = 93BA5D9E26A332C70022936E /* App03 */;
			targetProxy = 93BA5DC026A332C90022936E /* PBXContainerItemProxy */;
		};
/* End PBXTargetDependency section */

/* Begin PBXVariantGroup section */
		93BA5DA826A332C70022936E /* Main.storyboard */ = {
			isa = PBXVariantGroup;
			children = (
				93BA5DA926A332C70022936E /* Base */,
			);
			name = Main.storyboard;
			sourceTree = "<group>";
		};
		93BA5DAD26A332C90022936E /* LaunchScreen.storyboard */ = {
			isa = PBXVariantGroup;
			children = (
				93BA5DAE26A332C90022936E /* Base */,
			);
			name = LaunchScreen.storyboard;
			sourceTree = "<group>";
		};
/* End PBXVariantGroup section */

/* Begin XCBuildConfiguration section */
		93BA5DC526A332C90022936E /* Debug */ = {
			isa = XCBuildConfiguration;
			buildSettings = {
				ALWAYS_SEARCH_USER_PATHS = NO;
				CLANG_ANALYZER_NONNULL = YES;
				CLANG_ANALYZER_NUMBER_OBJECT_CONVERSION = YES_AGGRESSIVE;
				CLANG_CXX_LANGUAGE_STANDARD = "gnu++14";
				CLANG_CXX_LIBRARY = "libc++";
				CLANG_ENABLE_MODULES = YES;
				CLANG_ENABLE_OBJC_ARC = YES;
				CLANG_ENABLE_OBJC_WEAK = YES;
				CLANG_WARN_BLOCK_CAPTURE_AUTORELEASING = YES;
				CLANG_WARN_BOOL_CONVERSION = YES;
				CLANG_WARN_COMMA = YES;
				CLANG_WARN_CONSTANT_CONVERSION = YES;
				CLANG_WARN_DEPRECATED_OBJC_IMPLEMENTATIONS = YES;
				CLANG_WARN_DIRECT_OBJC_ISA_USAGE = YES_ERROR;
				CLANG_WARN_DOCUMENTATION_COMMENTS = YES;
				CLANG_WARN_EMPTY_BODY = YES;
				CLANG_WARN_ENUM_CONVERSION = YES;
				CLANG_WARN_INFINITE_RECURSION = YES;
				CLANG_WARN_INT_CONVERSION = YES;
				CLANG_WARN_NON_LITERAL_NULL_CONVERSION = YES;
				CLANG_WARN_OBJC_IMPLICIT_RETAIN_SELF = YES;
				CLANG_WARN_OBJC_LITERAL_CONVERSION = YES;
				CLANG_WARN_OBJC_ROOT_CLASS = YES_ERROR;
				CLANG_WARN_QUOTED_INCLUDE_IN_FRAMEWORK_HEADER = YES;
				CLANG_WARN_RANGE_LOOP_ANALYSIS = YES;
				CLANG_WARN_STRICT_PROTOTYPES = YES;
				CLANG_WARN_SUSPICIOUS_MOVE = YES;
				CLANG_WARN_UNGUARDED_AVAILABILITY = YES_AGGRESSIVE;
				CLANG_WARN_UNREACHABLE_CODE = YES;
				CLANG_WARN__DUPLICATE_METHOD_MATCH = YES;
				COPY_PHASE_STRIP = NO;
				DEBUG_INFORMATION_FORMAT = dwarf;
				ENABLE_STRICT_OBJC_MSGSEND = YES;
				ENABLE_TESTABILITY = YES;
				GCC_C_LANGUAGE_STANDARD = gnu11;
				GCC_DYNAMIC_NO_PIC = NO;
				GCC_NO_COMMON_BLOCKS = YES;
				GCC_OPTIMIZATION_LEVEL = 0;
				GCC_PREPROCESSOR_DEFINITIONS = (
					"DEBUG=1",
					"$(inherited)",
				);
				GCC_WARN_64_TO_32_BIT_CONVERSION = YES;
				GCC_WARN_ABOUT_RETURN_TYPE = YES_ERROR;
				GCC_WARN_UNDECLARED_SELECTOR = YES;
				GCC_WARN_UNINITIALIZED_AUTOS = YES_AGGRESSIVE;
				GCC_WARN_UNUSED_FUNCTION = YES;
				GCC_WARN_UNUSED_VARIABLE = YES;
				IPHONEOS_DEPLOYMENT_TARGET = 15.0;
				MTL_ENABLE_DEBUG_INFO = INCLUDE_SOURCE;
				MTL_FAST_MATH = YES;
				ONLY_ACTIVE_ARCH = YES;
				SDKROOT = iphoneos;
				SWIFT_ACTIVE_COMPILATION_CONDITIONS = DEBUG;
				SWIFT_OPTIMIZATION_LEVEL = "-Onone";
			};
			name = Debug;
		};
		93BA5DC626A332C90022936E /* Release */ = {
			isa = XCBuildConfiguration;
			buildSettings = {
				ALWAYS_SEARCH_USER_PATHS = NO;
				CLANG_ANALYZER_NONNULL = YES;
				CLANG_ANALYZER_NUMBER_OBJECT_CONVERSION = YES_AGGRESSIVE;
				CLANG_CXX_LANGUAGE_STANDARD = "gnu++14";
				CLANG_CXX_LIBRARY = "libc++";
				CLANG_ENABLE_MODULES = YES;
				CLANG_ENABLE_OBJC_ARC = YES;
				CLANG_ENABLE_OBJC_WEAK = YES;
				CLANG_WARN_BLOCK_CAPTURE_AUTORELEASING = YES;
				CLANG_WARN_BOOL_CONVERSION = YES;
				CLANG_WARN_COMMA = YES;
				CLANG_WARN_CONSTANT_CONVERSION = YES;
				CLANG_WARN_DEPRECATED_OBJC_IMPLEMENTATIONS = YES;
				CLANG_WARN_DIRECT_OBJC_ISA_USAGE = YES_ERROR;
				CLANG_WARN_DOCUMENTATION_COMMENTS = YES;
				CLANG_WARN_EMPTY_BODY = YES;
				CLANG_WARN_ENUM_CONVERSION = YES;
				CLANG_WARN_INFINITE_RECURSION = YES;
				CLANG_WARN_INT_CONVERSION = YES;
				CLANG_WARN_NON_LITERAL_NULL_CONVERSION = YES;
				CLANG_WARN_OBJC_IMPLICIT_RETAIN_SELF = YES;
				CLANG_WARN_OBJC_LITERAL_CONVERSION = YES;
				CLANG_WARN_OBJC_ROOT_CLASS = YES_ERROR;
				CLANG_WARN_QUOTED_INCLUDE_IN_FRAMEWORK_HEADER = YES;
				CLANG_WARN_RANGE_LOOP_ANALYSIS = YES;
				CLANG_WARN_STRICT_PROTOTYPES = YES;
				CLANG_WARN_SUSPICIOUS_MOVE = YES;
				CLANG_WARN_UNGUARDED_AVAILABILITY = YES_AGGRESSIVE;
				CLANG_WARN_UNREACHABLE_CODE = YES;
				CLANG_WARN__DUPLICATE_METHOD_MATCH = YES;
				COPY_PHASE_STRIP = NO;
				DEBUG_INFORMATION_FORMAT = "dwarf-with-dsym";
				ENABLE_NS_ASSERTIONS = NO;
				ENABLE_STRICT_OBJC_MSGSEND = YES;
				GCC_C_LANGUAGE_STANDARD = gnu11;
				GCC_NO_COMMON_BLOCKS = YES;
				GCC_WARN_64_TO_32_BIT_CONVERSION = YES;
				GCC_WARN_ABOUT_RETURN_TYPE = YES_ERROR;
				GCC_WARN_UNDECLARED_SELECTOR = YES;
				GCC_WARN_UNINITIALIZED_AUTOS = YES_AGGRESSIVE;
				GCC_WARN_UNUSED_FUNCTION = YES;
				GCC_WARN_UNUSED_VARIABLE = YES;
				IPHONEOS_DEPLOYMENT_TARGET = 15.0;
				MTL_ENABLE_DEBUG_INFO = NO;
				MTL_FAST_MATH = YES;
				SDKROOT = iphoneos;
				SWIFT_COMPILATION_MODE = wholemodule;
				SWIFT_OPTIMIZATION_LEVEL = "-O";
				VALIDATE_PRODUCT = YES;
			};
			name = Release;
		};
		93BA5DC826A332C90022936E /* Debug */ = {
			isa = XCBuildConfiguration;
			buildSettings = {
				ASSETCATALOG_COMPILER_APPICON_NAME = AppIcon;
				ASSETCATALOG_COMPILER_GLOBAL_ACCENT_COLOR_NAME = AccentColor;
				CODE_SIGN_STYLE = Manual;
				CURRENT_PROJECT_VERSION = 1;
				DEVELOPMENT_TEAM = "";
				GENERATE_INFOPLIST_FILE = YES;
				INFOPLIST_FILE = App03/Info.plist;
				INFOPLIST_KEY_UIApplicationSupportsIndirectInputEvents = YES;
				INFOPLIST_KEY_UILaunchStoryboardName = LaunchScreen;
				INFOPLIST_KEY_UIMainStoryboardFile = Main;
				INFOPLIST_KEY_UISupportedInterfaceOrientations_iPad = "UIInterfaceOrientationPortrait UIInterfaceOrientationPortraitUpsideDown UIInterfaceOrientationLandscapeLeft UIInterfaceOrientationLandscapeRight";
				INFOPLIST_KEY_UISupportedInterfaceOrientations_iPhone = "UIInterfaceOrientationPortrait UIInterfaceOrientationLandscapeLeft UIInterfaceOrientationLandscapeRight";
				LD_RUNPATH_SEARCH_PATHS = (
					"$(inherited)",
					"@executable_path/Frameworks",
				);
				MARKETING_VERSION = 1.0;
				PRODUCT_BUNDLE_IDENTIFIER = com.pulsar.App03;
				PRODUCT_NAME = "$(TARGET_NAME)";
				PROVISIONING_PROFILE_SPECIFIER = "";
				SWIFT_EMIT_LOC_STRINGS = YES;
				SWIFT_VERSION = 5.0;
				TARGETED_DEVICE_FAMILY = "1,2";
			};
			name = Debug;
		};
		93BA5DC926A332C90022936E /* Release */ = {
			isa = XCBuildConfiguration;
			buildSettings = {
				ASSETCATALOG_COMPILER_APPICON_NAME = AppIcon;
				ASSETCATALOG_COMPILER_GLOBAL_ACCENT_COLOR_NAME = AccentColor;
				CODE_SIGN_STYLE = Manual;
				CURRENT_PROJECT_VERSION = 1;
				DEVELOPMENT_TEAM = "";
				GENERATE_INFOPLIST_FILE = YES;
				INFOPLIST_FILE = App03/Info.plist;
				INFOPLIST_KEY_UIApplicationSupportsIndirectInputEvents = YES;
				INFOPLIST_KEY_UILaunchStoryboardName = LaunchScreen;
				INFOPLIST_KEY_UIMainStoryboardFile = Main;
				INFOPLIST_KEY_UISupportedInterfaceOrientations_iPad = "UIInterfaceOrientationPortrait UIInterfaceOrientationPortraitUpsideDown UIInterfaceOrientationLandscapeLeft UIInterfaceOrientationLandscapeRight";
				INFOPLIST_KEY_UISupportedInterfaceOrientations_iPhone = "UIInterfaceOrientationPortrait UIInterfaceOrientationLandscapeLeft UIInterfaceOrientationLandscapeRight";
				LD_RUNPATH_SEARCH_PATHS = (
					"$(inherited)",
					"@executable_path/Frameworks",
				);
				MARKETING_VERSION = 1.0;
				PRODUCT_BUNDLE_IDENTIFIER = com.pulsar.App03;
				PRODUCT_NAME = "$(TARGET_NAME)";
				PROVISIONING_PROFILE_SPECIFIER = "";
				SWIFT_EMIT_LOC_STRINGS = YES;
				SWIFT_VERSION = 5.0;
				TARGETED_DEVICE_FAMILY = "1,2";
			};
			name = Release;
		};
		93BA5DCB26A332C90022936E /* Debug */ = {
			isa = XCBuildConfiguration;
			buildSettings = {
				ALWAYS_EMBED_SWIFT_STANDARD_LIBRARIES = YES;
				BUNDLE_LOADER = "$(TEST_HOST)";
				CODE_SIGN_STYLE = Automatic;
				CURRENT_PROJECT_VERSION = 1;
				DEVELOPMENT_TEAM = P3MRZPZ844;
				GENERATE_INFOPLIST_FILE = YES;
				IPHONEOS_DEPLOYMENT_TARGET = 15.0;
				LD_RUNPATH_SEARCH_PATHS = (
					"$(inherited)",
					"@executable_path/Frameworks",
					"@loader_path/Frameworks",
				);
				MARKETING_VERSION = 1.0;
				PRODUCT_BUNDLE_IDENTIFIER = com.pulsar.App03Tests;
				PRODUCT_NAME = "$(TARGET_NAME)";
				SWIFT_EMIT_LOC_STRINGS = NO;
				SWIFT_VERSION = 5.0;
				TARGETED_DEVICE_FAMILY = "1,2";
				TEST_HOST = "$(BUILT_PRODUCTS_DIR)/App03.app/App03";
			};
			name = Debug;
		};
		93BA5DCC26A332C90022936E /* Release */ = {
			isa = XCBuildConfiguration;
			buildSettings = {
				ALWAYS_EMBED_SWIFT_STANDARD_LIBRARIES = YES;
				BUNDLE_LOADER = "$(TEST_HOST)";
				CODE_SIGN_STYLE = Automatic;
				CURRENT_PROJECT_VERSION = 1;
				DEVELOPMENT_TEAM = P3MRZPZ844;
				GENERATE_INFOPLIST_FILE = YES;
				IPHONEOS_DEPLOYMENT_TARGET = 15.0;
				LD_RUNPATH_SEARCH_PATHS = (
					"$(inherited)",
					"@executable_path/Frameworks",
					"@loader_path/Frameworks",
				);
				MARKETING_VERSION = 1.0;
				PRODUCT_BUNDLE_IDENTIFIER = com.pulsar.App03Tests;
				PRODUCT_NAME = "$(TARGET_NAME)";
				SWIFT_EMIT_LOC_STRINGS = NO;
				SWIFT_VERSION = 5.0;
				TARGETED_DEVICE_FAMILY = "1,2";
				TEST_HOST = "$(BUILT_PRODUCTS_DIR)/App03.app/App03";
			};
			name = Release;
		};
		93BA5DCE26A332C90022936E /* Debug */ = {
			isa = XCBuildConfiguration;
			buildSettings = {
				ALWAYS_EMBED_SWIFT_STANDARD_LIBRARIES = YES;
				CODE_SIGN_STYLE = Automatic;
				CURRENT_PROJECT_VERSION = 1;
				DEVELOPMENT_TEAM = P3MRZPZ844;
				GENERATE_INFOPLIST_FILE = YES;
				LD_RUNPATH_SEARCH_PATHS = (
					"$(inherited)",
					"@executable_path/Frameworks",
					"@loader_path/Frameworks",
				);
				MARKETING_VERSION = 1.0;
				PRODUCT_BUNDLE_IDENTIFIER = com.pulsar.App03UITests;
				PRODUCT_NAME = "$(TARGET_NAME)";
				SWIFT_EMIT_LOC_STRINGS = NO;
				SWIFT_VERSION = 5.0;
				TARGETED_DEVICE_FAMILY = "1,2";
				TEST_TARGET_NAME = App03;
			};
			name = Debug;
		};
		93BA5DCF26A332C90022936E /* Release */ = {
			isa = XCBuildConfiguration;
			buildSettings = {
				ALWAYS_EMBED_SWIFT_STANDARD_LIBRARIES = YES;
				CODE_SIGN_STYLE = Automatic;
				CURRENT_PROJECT_VERSION = 1;
				DEVELOPMENT_TEAM = P3MRZPZ844;
				GENERATE_INFOPLIST_FILE = YES;
				LD_RUNPATH_SEARCH_PATHS = (
					"$(inherited)",
					"@executable_path/Frameworks",
					"@loader_path/Frameworks",
				);
				MARKETING_VERSION = 1.0;
				PRODUCT_BUNDLE_IDENTIFIER = com.pulsar.App03UITests;
				PRODUCT_NAME = "$(TARGET_NAME)";
				SWIFT_EMIT_LOC_STRINGS = NO;
				SWIFT_VERSION = 5.0;
				TARGETED_DEVICE_FAMILY = "1,2";
				TEST_TARGET_NAME = App03;
			};
			name = Release;
		};
/* End XCBuildConfiguration section */

/* Begin XCConfigurationList section */
		93BA5D9A26A332C70022936E /* Build configuration list for PBXProject "App03" */ = {
			isa = XCConfigurationList;
			buildConfigurations = (
				93BA5DC526A332C90022936E /* Debug */,
				93BA5DC626A332C90022936E /* Release */,
			);
			defaultConfigurationIsVisible = 0;
			defaultConfigurationName = Release;
		};
		93BA5DC726A332C90022936E /* Build configuration list for PBXNativeTarget "App03" */ = {
			isa = XCConfigurationList;
			buildConfigurations = (
				93BA5DC826A332C90022936E /* Debug */,
				93BA5DC926A332C90022936E /* Release */,
			);
			defaultConfigurationIsVisible = 0;
			defaultConfigurationName = Release;
		};
		93BA5DCA26A332C90022936E /* Build configuration list for PBXNativeTarget "App03Tests" */ = {
			isa = XCConfigurationList;
			buildConfigurations = (
				93BA5DCB26A332C90022936E /* Debug */,
				93BA5DCC26A332C90022936E /* Release */,
			);
			defaultConfigurationIsVisible = 0;
			defaultConfigurationName = Release;
		};
		93BA5DCD26A332C90022936E /* Build configuration list for PBXNativeTarget "App03UITests" */ = {
			isa = XCConfigurationList;
			buildConfigurations = (
				93BA5DCE26A332C90022936E /* Debug */,
				93BA5DCF26A332C90022936E /* Release */,
			);
			defaultConfigurationIsVisible = 0;
			defaultConfigurationName = Release;
		};
/* End XCConfigurationList section */
	};
	rootObject = 93BA5D9726A332C70022936E /* Project object */;
}
